
Microsoft Visual Studio Solution File, Format Version 12.00
# Visual Studio 15
VisualStudioVersion = 15.0.28307.572
MinimumVisualStudioVersion = 10.0.40219.1
Project("{FAE04EC0-301F-11D3-BF4B-00C04F79EFBC}") = "Lista_03_Exe_25", "Lista_03_Exe_25\Lista_03_Exe_25.csproj", "{C822223C-78F4-477A-8391-CEA685605D8A}"
EndProject
Global
	GlobalSection(SolutionConfigurationPlatforms) = preSolution
		Debug|Any CPU = Debug|Any CPU
		Release|Any CPU = Release|Any CPU
	EndGlobalSection
	GlobalSection(ProjectConfigurationPlatforms) = postSolution
		{C822223C-78F4-477A-8391-CEA685605D8A}.Debug|Any CPU.ActiveCfg = Debug|Any CPU
		{C822223C-78F4-477A-8391-CEA685605D8A}.Debug|Any CPU.Build.0 = Debug|Any CPU
		{C822223C-78F4-477A-8391-CEA685605D8A}.Release|Any CPU.ActiveCfg = Release|Any CPU
		{C822223C-78F4-477A-8391-CEA685605D8A}.Release|Any CPU.Build.0 = Release|Any CPU
	EndGlobalSection
	GlobalSection(SolutionProperties) = preSolution
		HideSolutionNode = FALSE
	EndGlobalSection
	GlobalSection(ExtensibilityGlobals) = postSolution
		SolutionGuid = {A1599F89-9F0F-4E7B-9920-68F877B2EA6A}
	EndGlobalSection
EndGlobal
