
Microsoft Visual Studio Solution File, Format Version 12.00
# Visual Studio 14
VisualStudioVersion = 14.0.25420.1
MinimumVisualStudioVersion = 10.0.40219.1
Project("{FAE04EC0-301F-11D3-BF4B-00C04F79EFBC}") = "Lista_03_Exe_03", "Lista_03_Exe_03\Lista_03_Exe_03.csproj", "{EA86B5C5-4223-440F-AA67-F74D71DC748C}"
EndProject
Global
	GlobalSection(SolutionConfigurationPlatforms) = preSolution
		Debug|Any CPU = Debug|Any CPU
		Release|Any CPU = Release|Any CPU
	EndGlobalSection
	GlobalSection(ProjectConfigurationPlatforms) = postSolution
		{EA86B5C5-4223-440F-AA67-F74D71DC748C}.Debug|Any CPU.ActiveCfg = Debug|Any CPU
		{EA86B5C5-4223-440F-AA67-F74D71DC748C}.Debug|Any CPU.Build.0 = Debug|Any CPU
		{EA86B5C5-4223-440F-AA67-F74D71DC748C}.Release|Any CPU.ActiveCfg = Release|Any CPU
		{EA86B5C5-4223-440F-AA67-F74D71DC748C}.Release|Any CPU.Build.0 = Release|Any CPU
	EndGlobalSection
	GlobalSection(SolutionProperties) = preSolution
		HideSolutionNode = FALSE
	EndGlobalSection
EndGlobal
