
Microsoft Visual Studio Solution File, Format Version 12.00
# Visual Studio 14
VisualStudioVersion = 14.0.25420.1
MinimumVisualStudioVersion = 10.0.40219.1
Project("{FAE04EC0-301F-11D3-BF4B-00C04F79EFBC}") = "Lista_02_Exe_01", "Lista_02_Exe_01\Lista_02_Exe_01.csproj", "{6F6EA97E-E1E6-4F40-A8FA-142827EC7717}"
EndProject
Global
	GlobalSection(SolutionConfigurationPlatforms) = preSolution
		Debug|Any CPU = Debug|Any CPU
		Release|Any CPU = Release|Any CPU
	EndGlobalSection
	GlobalSection(ProjectConfigurationPlatforms) = postSolution
		{6F6EA97E-E1E6-4F40-A8FA-142827EC7717}.Debug|Any CPU.ActiveCfg = Debug|Any CPU
		{6F6EA97E-E1E6-4F40-A8FA-142827EC7717}.Debug|Any CPU.Build.0 = Debug|Any CPU
		{6F6EA97E-E1E6-4F40-A8FA-142827EC7717}.Release|Any CPU.ActiveCfg = Release|Any CPU
		{6F6EA97E-E1E6-4F40-A8FA-142827EC7717}.Release|Any CPU.Build.0 = Release|Any CPU
	EndGlobalSection
	GlobalSection(SolutionProperties) = preSolution
		HideSolutionNode = FALSE
	EndGlobalSection
EndGlobal
